
Microsoft Visual Studio Solution File, Format Version 12.00
# Visual Studio Version 17
VisualStudioVersion = 17.9.34902.65
MinimumVisualStudioVersion = 10.0.40219.1
Project("{9A19103F-16F7-4668-BE54-9A1E7A4F7556}") = "ORIGIN_Challenge_Blazor", "ORIGIN_Challenge_Blazor.csproj", "{A9F530B6-37AD-467A-B8B3-127202570220}"
EndProject
Global
	GlobalSection(SolutionConfigurationPlatforms) = preSolution
		Debug|Any CPU = Debug|Any CPU
		Release|Any CPU = Release|Any CPU
	EndGlobalSection
	GlobalSection(ProjectConfigurationPlatforms) = postSolution
		{A9F530B6-37AD-467A-B8B3-127202570220}.Debug|Any CPU.ActiveCfg = Debug|Any CPU
		{A9F530B6-37AD-467A-B8B3-127202570220}.Debug|Any CPU.Build.0 = Debug|Any CPU
		{A9F530B6-37AD-467A-B8B3-127202570220}.Release|Any CPU.ActiveCfg = Release|Any CPU
		{A9F530B6-37AD-467A-B8B3-127202570220}.Release|Any CPU.Build.0 = Release|Any CPU
	EndGlobalSection
	GlobalSection(SolutionProperties) = preSolution
		HideSolutionNode = FALSE
	EndGlobalSection
	GlobalSection(ExtensibilityGlobals) = postSolution
		SolutionGuid = {3E0BD5BA-54C2-4925-B351-85E4CE78D545}
	EndGlobalSection
EndGlobal
